{
  "name": "@dimailn/vue-t",
  "version": "1.2.2",
  "lockfileVersion": 1,
  "requires": true,
  "dependencies": {
    "vue-provide-observable": {
      "version": "3.0.2",
      "resolved": "https://registry.npmjs.org/vue-provide-observable/-/vue-provide-observable-3.0.2.tgz",
      "integrity": "sha512-Z/cGswT+tewgAhHuIezWCor9iekF+JoIAY98OB81LaBZJBT+UjK2nQNj7082p6qW3Aa3drks3VFfr4kLq4t5rg=="
    }
  }
}
